
Microsoft Visual Studio Solution File, Format Version 12.00
# Visual Studio Version 17
VisualStudioVersion = 17.7.34221.43
MinimumVisualStudioVersion = 10.0.40219.1
Project("{FAE04EC0-301F-11D3-BF4B-00C04F79EFBC}") = "EjercicioClase3Modulo2EFCore", "EjercicioClase3Modulo2EFCore\EjercicioClase3Modulo2EFCore.csproj", "{A489DE12-862F-4E63-9E2F-38510BB6DFBA}"
EndProject
Global
	GlobalSection(SolutionConfigurationPlatforms) = preSolution
		Debug|Any CPU = Debug|Any CPU
		Release|Any CPU = Release|Any CPU
	EndGlobalSection
	GlobalSection(ProjectConfigurationPlatforms) = postSolution
		{A489DE12-862F-4E63-9E2F-38510BB6DFBA}.Debug|Any CPU.ActiveCfg = Debug|Any CPU
		{A489DE12-862F-4E63-9E2F-38510BB6DFBA}.Debug|Any CPU.Build.0 = Debug|Any CPU
		{A489DE12-862F-4E63-9E2F-38510BB6DFBA}.Release|Any CPU.ActiveCfg = Release|Any CPU
		{A489DE12-862F-4E63-9E2F-38510BB6DFBA}.Release|Any CPU.Build.0 = Release|Any CPU
	EndGlobalSection
	GlobalSection(SolutionProperties) = preSolution
		HideSolutionNode = FALSE
	EndGlobalSection
	GlobalSection(ExtensibilityGlobals) = postSolution
		SolutionGuid = {DF0A8B7C-458A-4BF4-B861-824D3601B77C}
	EndGlobalSection
EndGlobal
